
Microsoft Visual Studio Solution File, Format Version 12.00
# Visual Studio Version 17
VisualStudioVersion = 17.7.34003.232
MinimumVisualStudioVersion = 10.0.40219.1
Project("{9A19103F-16F7-4668-BE54-9A1E7A4F7556}") = "FlightPlanner", "FlightPlanner.csproj", "{9A194C5D-A9AE-4513-ADF4-B4118BCE692B}"
EndProject
Global
	GlobalSection(SolutionConfigurationPlatforms) = preSolution
		Debug|Any CPU = Debug|Any CPU
		Release|Any CPU = Release|Any CPU
	EndGlobalSection
	GlobalSection(ProjectConfigurationPlatforms) = postSolution
		{9A194C5D-A9AE-4513-ADF4-B4118BCE692B}.Debug|Any CPU.ActiveCfg = Debug|Any CPU
		{9A194C5D-A9AE-4513-ADF4-B4118BCE692B}.Debug|Any CPU.Build.0 = Debug|Any CPU
		{9A194C5D-A9AE-4513-ADF4-B4118BCE692B}.Debug|Any CPU.Deploy.0 = Debug|Any CPU
		{9A194C5D-A9AE-4513-ADF4-B4118BCE692B}.Release|Any CPU.ActiveCfg = Release|Any CPU
		{9A194C5D-A9AE-4513-ADF4-B4118BCE692B}.Release|Any CPU.Build.0 = Release|Any CPU
		{9A194C5D-A9AE-4513-ADF4-B4118BCE692B}.Release|Any CPU.Deploy.0 = Release|Any CPU
	EndGlobalSection
	GlobalSection(SolutionProperties) = preSolution
		HideSolutionNode = FALSE
	EndGlobalSection
	GlobalSection(ExtensibilityGlobals) = postSolution
		SolutionGuid = {8F0F8A2F-5DA0-4C7F-A7CC-448E56E73632}
	EndGlobalSection
EndGlobal
